// !$*UTF8*$!
{
	archiveVersion = 1;
	classes = {
	};
	objectVersion = 46;
	objects = {

/* Begin PBXBuildFile section */
		7D041D5A1E80096B0008039E /* AppDelegate.swift in Sources */ = {isa = PBXBuildFile; fileRef = 7D041D591E80096B0008039E /* AppDelegate.swift */; };
		7D041D5D1E80096B0008039E /* ProjetGroupeReso.xcdatamodeld in Sources */ = {isa = PBXBuildFile; fileRef = 7D041D5B1E80096B0008039E /* ProjetGroupeReso.xcdatamodeld */; };
		7D041D5F1E80096B0008039E /* MasterViewController.swift in Sources */ = {isa = PBXBuildFile; fileRef = 7D041D5E1E80096B0008039E /* MasterViewController.swift */; };
		7D041D611E80096B0008039E /* DetailViewController.swift in Sources */ = {isa = PBXBuildFile; fileRef = 7D041D601E80096B0008039E /* DetailViewController.swift */; };
		7D041D641E80096B0008039E /* Main.storyboard in Resources */ = {isa = PBXBuildFile; fileRef = 7D041D621E80096B0008039E /* Main.storyboard */; };
		7D041D661E80096B0008039E /* Assets.xcassets in Resources */ = {isa = PBXBuildFile; fileRef = 7D041D651E80096B0008039E /* Assets.xcassets */; };
		7D041D691E80096B0008039E /* LaunchScreen.storyboard in Resources */ = {isa = PBXBuildFile; fileRef = 7D041D671E80096B0008039E /* LaunchScreen.storyboard */; };
		7DC649301E815CD10094B4DE /* .gitignore in Resources */ = {isa = PBXBuildFile; fileRef = 7DC6492F1E815CD10094B4DE /* .gitignore */; };
/* End PBXBuildFile section */

/* Begin PBXFileReference section */
		7D041D561E80096B0008039E /* ProjetGroupeReso.app */ = {isa = PBXFileReference; explicitFileType = wrapper.application; includeInIndex = 0; path = ProjetGroupeReso.app; sourceTree = BUILT_PRODUCTS_DIR; };
		7D041D591E80096B0008039E /* AppDelegate.swift */ = {isa = PBXFileReference; lastKnownFileType = sourcecode.swift; path = AppDelegate.swift; sourceTree = "<group>"; };
		7D041D5C1E80096B0008039E /* ProjetGroupeReso.xcdatamodel */ = {isa = PBXFileReference; lastKnownFileType = wrapper.xcdatamodel; path = ProjetGroupeReso.xcdatamodel; sourceTree = "<group>"; };
		7D041D5E1E80096B0008039E /* MasterViewController.swift */ = {isa = PBXFileReference; lastKnownFileType = sourcecode.swift; path = MasterViewController.swift; sourceTree = "<group>"; };
		7D041D601E80096B0008039E /* DetailViewController.swift */ = {isa = PBXFileReference; lastKnownFileType = sourcecode.swift; path = DetailViewController.swift; sourceTree = "<group>"; };
		7D041D631E80096B0008039E /* Base */ = {isa = PBXFileReference; lastKnownFileType = file.storyboard; name = Base; path = Base.lproj/Main.storyboard; sourceTree = "<group>"; };
		7D041D651E80096B0008039E /* Assets.xcassets */ = {isa = PBXFileReference; lastKnownFileType = folder.assetcatalog; path = Assets.xcassets; sourceTree = "<group>"; };
		7D041D681E80096B0008039E /* Base */ = {isa = PBXFileReference; lastKnownFileType = file.storyboard; name = Base; path = Base.lproj/LaunchScreen.storyboard; sourceTree = "<group>"; };
		7D041D6A1E80096B0008039E /* Info.plist */ = {isa = PBXFileReference; lastKnownFileType = text.plist.xml; path = Info.plist; sourceTree = "<group>"; };
		7DC6492F1E815CD10094B4DE /* .gitignore */ = {isa = PBXFileReference; fileEncoding = 4; lastKnownFileType = text; path = .gitignore; sourceTree = "<group>"; };
/* End PBXFileReference section */

/* Begin PBXFrameworksBuildPhase section */
		7D041D531E80096A0008039E /* Frameworks */ = {
			isa = PBXFrameworksBuildPhase;
			buildActionMask = 2147483647;
			files = (
			);
			runOnlyForDeploymentPostprocessing = 0;
		};
/* End PBXFrameworksBuildPhase section */

/* Begin PBXGroup section */
		7D041D4D1E80096A0008039E = {
			isa = PBXGroup;
			children = (
				7DC6492F1E815CD10094B4DE /* .gitignore */,
				7D041D581E80096B0008039E /* ProjetGroupeReso */,
				7D041D571E80096B0008039E /* Products */,
			);
			sourceTree = "<group>";
		};
		7D041D571E80096B0008039E /* Products */ = {
			isa = PBXGroup;
			children = (
				7D041D561E80096B0008039E /* ProjetGroupeReso.app */,
			);
			name = Products;
			sourceTree = "<group>";
		};
		7D041D581E80096B0008039E /* ProjetGroupeReso */ = {
			isa = PBXGroup;
			children = (
				7D041D591E80096B0008039E /* AppDelegate.swift */,
				7D041D5E1E80096B0008039E /* MasterViewController.swift */,
				7D041D601E80096B0008039E /* DetailViewController.swift */,
				7D041D621E80096B0008039E /* Main.storyboard */,
				7D041D651E80096B0008039E /* Assets.xcassets */,
				7D041D671E80096B0008039E /* LaunchScreen.storyboard */,
				7D041D6A1E80096B0008039E /* Info.plist */,
				7D041D5B1E80096B0008039E /* ProjetGroupeReso.xcdatamodeld */,
			);
			path = ProjetGroupeReso;
			sourceTree = "<group>";
		};
/* End PBXGroup section */

/* Begin PBXNativeTarget section */
		7D041D551E80096A0008039E /* ProjetGroupeReso */ = {
			isa = PBXNativeTarget;
			buildConfigurationList = 7D041D6D1E80096B0008039E /* Build configuration list for PBXNativeTarget "ProjetGroupeReso" */;
			buildPhases = (
				7D041D521E80096A0008039E /* Sources */,
				7D041D531E80096A0008039E /* Frameworks */,
				7D041D541E80096A0008039E /* Resources */,
			);
			buildRules = (
			);
			dependencies = (
			);
			name = ProjetGroupeReso;
			productName = ProjetGroupeReso;
			productReference = 7D041D561E80096B0008039E /* ProjetGroupeReso.app */;
			productType = "com.apple.product-type.application";
		};
/* End PBXNativeTarget section */

/* Begin PBXProject section */
		7D041D4E1E80096A0008039E /* Project object */ = {
			isa = PBXProject;
			attributes = {
				LastSwiftUpdateCheck = 0820;
				LastUpgradeCheck = 0820;
				ORGANIZATIONNAME = stagiaire;
				TargetAttributes = {
					7D041D551E80096A0008039E = {
						CreatedOnToolsVersion = 8.2.1;
						DevelopmentTeam = KM44N56JBQ;
						ProvisioningStyle = Automatic;
					};
				};
			};
			buildConfigurationList = 7D041D511E80096A0008039E /* Build configuration list for PBXProject "ProjetGroupeReso" */;
			compatibilityVersion = "Xcode 3.2";
			developmentRegion = English;
			hasScannedForEncodings = 0;
			knownRegions = (
				en,
				Base,
			);
			mainGroup = 7D041D4D1E80096A0008039E;
			productRefGroup = 7D041D571E80096B0008039E /* Products */;
			projectDirPath = "";
			projectRoot = "";
			targets = (
				7D041D551E80096A0008039E /* ProjetGroupeReso */,
			);
		};
/* End PBXProject section */

/* Begin PBXResourcesBuildPhase section */
		7D041D541E80096A0008039E /* Resources */ = {
			isa = PBXResourcesBuildPhase;
			buildActionMask = 2147483647;
			files = (
				7DC649301E815CD10094B4DE /* .gitignore in Resources */,
				7D041D691E80096B0008039E /* LaunchScreen.storyboard in Resources */,
				7D041D661E80096B0008039E /* Assets.xcassets in Resources */,
				7D041D641E80096B0008039E /* Main.storyboard in Resources */,
			);
			runOnlyForDeploymentPostprocessing = 0;
		};
/* End PBXResourcesBuildPhase section */

/* Begin PBXSourcesBuildPhase section */
		7D041D521E80096A0008039E /* Sources */ = {
			isa = PBXSourcesBuildPhase;
			buildActionMask = 2147483647;
			files = (
				7D041D5D1E80096B0008039E /* ProjetGroupeReso.xcdatamodeld in Sources */,
				7D041D5A1E80096B0008039E /* AppDelegate.swift in Sources */,
				7D041D5F1E80096B0008039E /* MasterViewController.swift in Sources */,
				7D041D611E80096B0008039E /* DetailViewController.swift in Sources */,
			);
			runOnlyForDeploymentPostprocessing = 0;
		};
/* End PBXSourcesBuildPhase section */

/* Begin PBXVariantGroup section */
		7D041D621E80096B0008039E /* Main.storyboard */ = {
			isa = PBXVariantGroup;
			children = (
				7D041D631E80096B0008039E /* Base */,
			);
			name = Main.storyboard;
			sourceTree = "<group>";
		};
		7D041D671E80096B0008039E /* LaunchScreen.storyboard */ = {
			isa = PBXVariantGroup;
			children = (
				7D041D681E80096B0008039E /* Base */,
			);
			name = LaunchScreen.storyboard;
			sourceTree = "<group>";
		};
/* End PBXVariantGroup section */

/* Begin XCBuildConfiguration section */
		7D041D6B1E80096B0008039E /* Debug */ = {
			isa = XCBuildConfiguration;
			buildSettings = {
				ALWAYS_SEARCH_USER_PATHS = NO;
				CLANG_ANALYZER_NONNULL = YES;
				CLANG_CXX_LANGUAGE_STANDARD = "gnu++0x";
				CLANG_CXX_LIBRARY = "libc++";
				CLANG_ENABLE_MODULES = YES;
				CLANG_ENABLE_OBJC_ARC = YES;
				CLANG_WARN_BOOL_CONVERSION = YES;
				CLANG_WARN_CONSTANT_CONVERSION = YES;
				CLANG_WARN_DIRECT_OBJC_ISA_USAGE = YES_ERROR;
				CLANG_WARN_DOCUMENTATION_COMMENTS = YES;
				CLANG_WARN_EMPTY_BODY = YES;
				CLANG_WARN_ENUM_CONVERSION = YES;
				CLANG_WARN_INFINITE_RECURSION = YES;
				CLANG_WARN_INT_CONVERSION = YES;
				CLANG_WARN_OBJC_ROOT_CLASS = YES_ERROR;
				CLANG_WARN_SUSPICIOUS_MOVE = YES;
				CLANG_WARN_UNREACHABLE_CODE = YES;
				CLANG_WARN__DUPLICATE_METHOD_MATCH = YES;
				"CODE_SIGN_IDENTITY[sdk=iphoneos*]" = "iPhone Developer";
				COPY_PHASE_STRIP = NO;
				DEBUG_INFORMATION_FORMAT = dwarf;
				ENABLE_STRICT_OBJC_MSGSEND = YES;
				ENABLE_TESTABILITY = YES;
				GCC_C_LANGUAGE_STANDARD = gnu99;
				GCC_DYNAMIC_NO_PIC = NO;
				GCC_NO_COMMON_BLOCKS = YES;
				GCC_OPTIMIZATION_LEVEL = 0;
				GCC_PREPROCESSOR_DEFINITIONS = (
					"DEBUG=1",
					"$(inherited)",
				);
				GCC_WARN_64_TO_32_BIT_CONVERSION = YES;
				GCC_WARN_ABOUT_RETURN_TYPE = YES_ERROR;
				GCC_WARN_UNDECLARED_SELECTOR = YES;
				GCC_WARN_UNINITIALIZED_AUTOS = YES_AGGRESSIVE;
				GCC_WARN_UNUSED_FUNCTION = YES;
				GCC_WARN_UNUSED_VARIABLE = YES;
				IPHONEOS_DEPLOYMENT_TARGET = 10.2;
				MTL_ENABLE_DEBUG_INFO = YES;
				ONLY_ACTIVE_ARCH = YES;
				SDKROOT = iphoneos;
				SWIFT_ACTIVE_COMPILATION_CONDITIONS = DEBUG;
				SWIFT_OPTIMIZATION_LEVEL = "-Onone";
				TARGETED_DEVICE_FAMILY = "1,2";
			};
			name = Debug;
		};
		7D041D6C1E80096B0008039E /* Release */ = {
			isa = XCBuildConfiguration;
			buildSettings = {
				ALWAYS_SEARCH_USER_PATHS = NO;
				CLANG_ANALYZER_NONNULL = YES;
				CLANG_CXX_LANGUAGE_STANDARD = "gnu++0x";
				CLANG_CXX_LIBRARY = "libc++";
				CLANG_ENABLE_MODULES = YES;
				CLANG_ENABLE_OBJC_ARC = YES;
				CLANG_WARN_BOOL_CONVERSION = YES;
				CLANG_WARN_CONSTANT_CONVERSION = YES;
				CLANG_WARN_DIRECT_OBJC_ISA_USAGE = YES_ERROR;
				CLANG_WARN_DOCUMENTATION_COMMENTS = YES;
				CLANG_WARN_EMPTY_BODY = YES;
				CLANG_WARN_ENUM_CONVERSION = YES;
				CLANG_WARN_INFINITE_RECURSION = YES;
				CLANG_WARN_INT_CONVERSION = YES;
				CLANG_WARN_OBJC_ROOT_CLASS = YES_ERROR;
				CLANG_WARN_SUSPICIOUS_MOVE = YES;
				CLANG_WARN_UNREACHABLE_CODE = YES;
				CLANG_WARN__DUPLICATE_METHOD_MATCH = YES;
				"CODE_SIGN_IDENTITY[sdk=iphoneos*]" = "iPhone Developer";
				COPY_PHASE_STRIP = NO;
				DEBUG_INFORMATION_FORMAT = "dwarf-with-dsym";
				ENABLE_NS_ASSERTIONS = NO;
				ENABLE_STRICT_OBJC_MSGSEND = YES;
				GCC_C_LANGUAGE_STANDARD = gnu99;
				GCC_NO_COMMON_BLOCKS = YES;
				GCC_WARN_64_TO_32_BIT_CONVERSION = YES;
				GCC_WARN_ABOUT_RETURN_TYPE = YES_ERROR;
				GCC_WARN_UNDECLARED_SELECTOR = YES;
				GCC_WARN_UNINITIALIZED_AUTOS = YES_AGGRESSIVE;
				GCC_WARN_UNUSED_FUNCTION = YES;
				GCC_WARN_UNUSED_VARIABLE = YES;
				IPHONEOS_DEPLOYMENT_TARGET = 10.2;
				MTL_ENABLE_DEBUG_INFO = NO;
				SDKROOT = iphoneos;
				SWIFT_OPTIMIZATION_LEVEL = "-Owholemodule";
				TARGETED_DEVICE_FAMILY = "1,2";
				VALIDATE_PRODUCT = YES;
			};
			name = Release;
		};
		7D041D6E1E80096B0008039E /* Debug */ = {
			isa = XCBuildConfiguration;
			buildSettings = {
				ASSETCATALOG_COMPILER_APPICON_NAME = AppIcon;
				DEVELOPMENT_TEAM = KM44N56JBQ;
				INFOPLIST_FILE = ProjetGroupeReso/Info.plist;
				LD_RUNPATH_SEARCH_PATHS = "$(inherited) @executable_path/Frameworks";
				PRODUCT_BUNDLE_IDENTIFIER = perso.swift.ios.ProjetGroupeReso;
				PRODUCT_NAME = "$(TARGET_NAME)";
				SWIFT_VERSION = 3.0;
			};
			name = Debug;
		};
		7D041D6F1E80096B0008039E /* Release */ = {
			isa = XCBuildConfiguration;
			buildSettings = {
				ASSETCATALOG_COMPILER_APPICON_NAME = AppIcon;
				DEVELOPMENT_TEAM = KM44N56JBQ;
				INFOPLIST_FILE = ProjetGroupeReso/Info.plist;
				LD_RUNPATH_SEARCH_PATHS = "$(inherited) @executable_path/Frameworks";
				PRODUCT_BUNDLE_IDENTIFIER = perso.swift.ios.ProjetGroupeReso;
				PRODUCT_NAME = "$(TARGET_NAME)";
				SWIFT_VERSION = 3.0;
			};
			name = Release;
		};
/* End XCBuildConfiguration section */

/* Begin XCConfigurationList section */
		7D041D511E80096A0008039E /* Build configuration list for PBXProject "ProjetGroupeReso" */ = {
			isa = XCConfigurationList;
			buildConfigurations = (
				7D041D6B1E80096B0008039E /* Debug */,
				7D041D6C1E80096B0008039E /* Release */,
			);
			defaultConfigurationIsVisible = 0;
			defaultConfigurationName = Release;
		};
		7D041D6D1E80096B0008039E /* Build configuration list for PBXNativeTarget "ProjetGroupeReso" */ = {
			isa = XCConfigurationList;
			buildConfigurations = (
				7D041D6E1E80096B0008039E /* Debug */,
				7D041D6F1E80096B0008039E /* Release */,
			);
			defaultConfigurationIsVisible = 0;
			defaultConfigurationName = Release;
		};
/* End XCConfigurationList section */

/* Begin XCVersionGroup section */
		7D041D5B1E80096B0008039E /* ProjetGroupeReso.xcdatamodeld */ = {
			isa = XCVersionGroup;
			children = (
				7D041D5C1E80096B0008039E /* ProjetGroupeReso.xcdatamodel */,
			);
			currentVersion = 7D041D5C1E80096B0008039E /* ProjetGroupeReso.xcdatamodel */;
			path = ProjetGroupeReso.xcdatamodeld;
			sourceTree = "<group>";
			versionGroupType = wrapper.xcdatamodel;
		};
/* End XCVersionGroup section */
	};
	rootObject = 7D041D4E1E80096A0008039E /* Project object */;
}
